// !$*UTF8*$!
{
	archiveVersion = 1;
	classes = {
	};
	objectVersion = 46;
	objects = {

/* Begin PBXBuildFile section */
		70E3DAFD1A40FBF4009B1ED0 /* main.m in Sources */ = {isa = PBXBuildFile; fileRef = 70E3DAFC1A40FBF4009B1ED0 /* main.m */; };
		70E3DB001A40FBF4009B1ED0 /* AppDelegate.m in Sources */ = {isa = PBXBuildFile; fileRef = 70E3DAFF1A40FBF4009B1ED0 /* AppDelegate.m */; };
		70E3DB031A40FBF4009B1ED0 /* catDog.xcdatamodeld in Sources */ = {isa = PBXBuildFile; fileRef = 70E3DB011A40FBF4009B1ED0 /* catDog.xcdatamodeld */; };
		70E3DB091A40FBF4009B1ED0 /* Main.storyboard in Resources */ = {isa = PBXBuildFile; fileRef = 70E3DB071A40FBF4009B1ED0 /* Main.storyboard */; };
		70E3DB0B1A40FBF4009B1ED0 /* Images.xcassets in Resources */ = {isa = PBXBuildFile; fileRef = 70E3DB0A1A40FBF4009B1ED0 /* Images.xcassets */; };
		70E3DB0E1A40FBF4009B1ED0 /* LaunchScreen.xib in Resources */ = {isa = PBXBuildFile; fileRef = 70E3DB0C1A40FBF4009B1ED0 /* LaunchScreen.xib */; };
		70E3DB1A1A40FBF4009B1ED0 /* catDogTests.m in Sources */ = {isa = PBXBuildFile; fileRef = 70E3DB191A40FBF4009B1ED0 /* catDogTests.m */; };
		70E3DB261A40FC75009B1ED0 /* Bolts.framework in Frameworks */ = {isa = PBXBuildFile; fileRef = 70E3DB231A40FC75009B1ED0 /* Bolts.framework */; };
		70E3DB271A40FC75009B1ED0 /* Parse.framework in Frameworks */ = {isa = PBXBuildFile; fileRef = 70E3DB241A40FC75009B1ED0 /* Parse.framework */; };
		70E3DB281A40FC75009B1ED0 /* ParseFacebookUtils.framework in Frameworks */ = {isa = PBXBuildFile; fileRef = 70E3DB251A40FC75009B1ED0 /* ParseFacebookUtils.framework */; };
		70E3DB2A1A40FC8A009B1ED0 /* SystemConfiguration.framework in Frameworks */ = {isa = PBXBuildFile; fileRef = 70E3DB291A40FC8A009B1ED0 /* SystemConfiguration.framework */; };
		70E3DB2C1A40FC90009B1ED0 /* StoreKit.framework in Frameworks */ = {isa = PBXBuildFile; fileRef = 70E3DB2B1A40FC90009B1ED0 /* StoreKit.framework */; };
		70E3DB2E1A40FC99009B1ED0 /* Security.framework in Frameworks */ = {isa = PBXBuildFile; fileRef = 70E3DB2D1A40FC99009B1ED0 /* Security.framework */; };
		70E3DB301A40FC9F009B1ED0 /* QuartzCore.framework in Frameworks */ = {isa = PBXBuildFile; fileRef = 70E3DB2F1A40FC9F009B1ED0 /* QuartzCore.framework */; };
		70E3DB321A40FCA9009B1ED0 /* MobileCoreServices.framework in Frameworks */ = {isa = PBXBuildFile; fileRef = 70E3DB311A40FCA9009B1ED0 /* MobileCoreServices.framework */; };
		70E3DB341A40FCB4009B1ED0 /* libz.dylib in Frameworks */ = {isa = PBXBuildFile; fileRef = 70E3DB331A40FCB4009B1ED0 /* libz.dylib */; };
		70E3DB361A40FCBA009B1ED0 /* CoreLocation.framework in Frameworks */ = {isa = PBXBuildFile; fileRef = 70E3DB351A40FCBA009B1ED0 /* CoreLocation.framework */; };
		70E3DB381A40FCC2009B1ED0 /* CoreGraphics.framework in Frameworks */ = {isa = PBXBuildFile; fileRef = 70E3DB371A40FCC2009B1ED0 /* CoreGraphics.framework */; };
		70E3DB3A1A40FCC9009B1ED0 /* CFNetwork.framework in Frameworks */ = {isa = PBXBuildFile; fileRef = 70E3DB391A40FCC9009B1ED0 /* CFNetwork.framework */; };
		70E3DB3C1A40FCD0009B1ED0 /* AudioToolbox.framework in Frameworks */ = {isa = PBXBuildFile; fileRef = 70E3DB3B1A40FCD0009B1ED0 /* AudioToolbox.framework */; };
		70E3DB3E1A40FCE0009B1ED0 /* FacebookSDK.framework in Frameworks */ = {isa = PBXBuildFile; fileRef = 70E3DB3D1A40FCE0009B1ED0 /* FacebookSDK.framework */; };
		70E3DB401A40FD4E009B1ED0 /* libsqlite3.dylib in Frameworks */ = {isa = PBXBuildFile; fileRef = 70E3DB3F1A40FD4E009B1ED0 /* libsqlite3.dylib */; };
		70E3DB431A4114CE009B1ED0 /* LogInViewController.m in Sources */ = {isa = PBXBuildFile; fileRef = 70E3DB421A4114CE009B1ED0 /* LogInViewController.m */; };
		70E3DB461A421C81009B1ED0 /* HomeViewController.m in Sources */ = {isa = PBXBuildFile; fileRef = 70E3DB451A421C81009B1ED0 /* HomeViewController.m */; };
		70E3DB4E1A42217E009B1ED0 /* Constants.m in Sources */ = {isa = PBXBuildFile; fileRef = 70E3DB4D1A42217E009B1ED0 /* Constants.m */; };
/* End PBXBuildFile section */

/* Begin PBXContainerItemProxy section */
		70E3DB141A40FBF4009B1ED0 /* PBXContainerItemProxy */ = {
			isa = PBXContainerItemProxy;
			containerPortal = 70E3DAEF1A40FBF4009B1ED0 /* Project object */;
			proxyType = 1;
			remoteGlobalIDString = 70E3DAF61A40FBF4009B1ED0;
			remoteInfo = catDog;
		};
/* End PBXContainerItemProxy section */

/* Begin PBXFileReference section */
		70E3DAF71A40FBF4009B1ED0 /* catDog.app */ = {isa = PBXFileReference; explicitFileType = wrapper.application; includeInIndex = 0; path = catDog.app; sourceTree = BUILT_PRODUCTS_DIR; };
		70E3DAFB1A40FBF4009B1ED0 /* Info.plist */ = {isa = PBXFileReference; lastKnownFileType = text.plist.xml; path = Info.plist; sourceTree = "<group>"; };
		70E3DAFC1A40FBF4009B1ED0 /* main.m */ = {isa = PBXFileReference; lastKnownFileType = sourcecode.c.objc; path = main.m; sourceTree = "<group>"; };
		70E3DAFE1A40FBF4009B1ED0 /* AppDelegate.h */ = {isa = PBXFileReference; lastKnownFileType = sourcecode.c.h; path = AppDelegate.h; sourceTree = "<group>"; };
		70E3DAFF1A40FBF4009B1ED0 /* AppDelegate.m */ = {isa = PBXFileReference; lastKnownFileType = sourcecode.c.objc; path = AppDelegate.m; sourceTree = "<group>"; };
		70E3DB021A40FBF4009B1ED0 /* catDog.xcdatamodel */ = {isa = PBXFileReference; lastKnownFileType = wrapper.xcdatamodel; path = catDog.xcdatamodel; sourceTree = "<group>"; };
		70E3DB081A40FBF4009B1ED0 /* Base */ = {isa = PBXFileReference; lastKnownFileType = file.storyboard; name = Base; path = Base.lproj/Main.storyboard; sourceTree = "<group>"; };
		70E3DB0A1A40FBF4009B1ED0 /* Images.xcassets */ = {isa = PBXFileReference; lastKnownFileType = folder.assetcatalog; path = Images.xcassets; sourceTree = "<group>"; };
		70E3DB0D1A40FBF4009B1ED0 /* Base */ = {isa = PBXFileReference; lastKnownFileType = file.xib; name = Base; path = Base.lproj/LaunchScreen.xib; sourceTree = "<group>"; };
		70E3DB131A40FBF4009B1ED0 /* catDogTests.xctest */ = {isa = PBXFileReference; explicitFileType = wrapper.cfbundle; includeInIndex = 0; path = catDogTests.xctest; sourceTree = BUILT_PRODUCTS_DIR; };
		70E3DB181A40FBF4009B1ED0 /* Info.plist */ = {isa = PBXFileReference; lastKnownFileType = text.plist.xml; path = Info.plist; sourceTree = "<group>"; };
		70E3DB191A40FBF4009B1ED0 /* catDogTests.m */ = {isa = PBXFileReference; lastKnownFileType = sourcecode.c.objc; path = catDogTests.m; sourceTree = "<group>"; };
		70E3DB231A40FC75009B1ED0 /* Bolts.framework */ = {isa = PBXFileReference; lastKnownFileType = wrapper.framework; path = Bolts.framework; sourceTree = "<group>"; };
		70E3DB241A40FC75009B1ED0 /* Parse.framework */ = {isa = PBXFileReference; lastKnownFileType = wrapper.framework; path = Parse.framework; sourceTree = "<group>"; };
		70E3DB251A40FC75009B1ED0 /* ParseFacebookUtils.framework */ = {isa = PBXFileReference; lastKnownFileType = wrapper.framework; path = ParseFacebookUtils.framework; sourceTree = "<group>"; };
		70E3DB291A40FC8A009B1ED0 /* SystemConfiguration.framework */ = {isa = PBXFileReference; lastKnownFileType = wrapper.framework; name = SystemConfiguration.framework; path = System/Library/Frameworks/SystemConfiguration.framework; sourceTree = SDKROOT; };
		70E3DB2B1A40FC90009B1ED0 /* StoreKit.framework */ = {isa = PBXFileReference; lastKnownFileType = wrapper.framework; name = StoreKit.framework; path = System/Library/Frameworks/StoreKit.framework; sourceTree = SDKROOT; };
		70E3DB2D1A40FC99009B1ED0 /* Security.framework */ = {isa = PBXFileReference; lastKnownFileType = wrapper.framework; name = Security.framework; path = System/Library/Frameworks/Security.framework; sourceTree = SDKROOT; };
		70E3DB2F1A40FC9F009B1ED0 /* QuartzCore.framework */ = {isa = PBXFileReference; lastKnownFileType = wrapper.framework; name = QuartzCore.framework; path = System/Library/Frameworks/QuartzCore.framework; sourceTree = SDKROOT; };
		70E3DB311A40FCA9009B1ED0 /* MobileCoreServices.framework */ = {isa = PBXFileReference; lastKnownFileType = wrapper.framework; name = MobileCoreServices.framework; path = System/Library/Frameworks/MobileCoreServices.framework; sourceTree = SDKROOT; };
		70E3DB331A40FCB4009B1ED0 /* libz.dylib */ = {isa = PBXFileReference; lastKnownFileType = "compiled.mach-o.dylib"; name = libz.dylib; path = usr/lib/libz.dylib; sourceTree = SDKROOT; };
		70E3DB351A40FCBA009B1ED0 /* CoreLocation.framework */ = {isa = PBXFileReference; lastKnownFileType = wrapper.framework; name = CoreLocation.framework; path = System/Library/Frameworks/CoreLocation.framework; sourceTree = SDKROOT; };
		70E3DB371A40FCC2009B1ED0 /* CoreGraphics.framework */ = {isa = PBXFileReference; lastKnownFileType = wrapper.framework; name = CoreGraphics.framework; path = System/Library/Frameworks/CoreGraphics.framework; sourceTree = SDKROOT; };
		70E3DB391A40FCC9009B1ED0 /* CFNetwork.framework */ = {isa = PBXFileReference; lastKnownFileType = wrapper.framework; name = CFNetwork.framework; path = System/Library/Frameworks/CFNetwork.framework; sourceTree = SDKROOT; };
		70E3DB3B1A40FCD0009B1ED0 /* AudioToolbox.framework */ = {isa = PBXFileReference; lastKnownFileType = wrapper.framework; name = AudioToolbox.framework; path = System/Library/Frameworks/AudioToolbox.framework; sourceTree = SDKROOT; };
		70E3DB3D1A40FCE0009B1ED0 /* FacebookSDK.framework */ = {isa = PBXFileReference; lastKnownFileType = wrapper.framework; path = FacebookSDK.framework; sourceTree = "<group>"; };
		70E3DB3F1A40FD4E009B1ED0 /* libsqlite3.dylib */ = {isa = PBXFileReference; lastKnownFileType = "compiled.mach-o.dylib"; name = libsqlite3.dylib; path = usr/lib/libsqlite3.dylib; sourceTree = SDKROOT; };
		70E3DB411A4114CE009B1ED0 /* LogInViewController.h */ = {isa = PBXFileReference; fileEncoding = 4; lastKnownFileType = sourcecode.c.h; name = LogInViewController.h; path = ../LogInViewController.h; sourceTree = "<group>"; };
		70E3DB421A4114CE009B1ED0 /* LogInViewController.m */ = {isa = PBXFileReference; fileEncoding = 4; lastKnownFileType = sourcecode.c.objc; name = LogInViewController.m; path = ../LogInViewController.m; sourceTree = "<group>"; };
		70E3DB441A421C81009B1ED0 /* HomeViewController.h */ = {isa = PBXFileReference; fileEncoding = 4; lastKnownFileType = sourcecode.c.h; path = HomeViewController.h; sourceTree = "<group>"; };
		70E3DB451A421C81009B1ED0 /* HomeViewController.m */ = {isa = PBXFileReference; fileEncoding = 4; lastKnownFileType = sourcecode.c.objc; path = HomeViewController.m; sourceTree = "<group>"; };
		70E3DB4C1A42217E009B1ED0 /* Constants.h */ = {isa = PBXFileReference; fileEncoding = 4; lastKnownFileType = sourcecode.c.h; path = Constants.h; sourceTree = "<group>"; };
		70E3DB4D1A42217E009B1ED0 /* Constants.m */ = {isa = PBXFileReference; fileEncoding = 4; lastKnownFileType = sourcecode.c.objc; path = Constants.m; sourceTree = "<group>"; };
/* End PBXFileReference section */

/* Begin PBXFrameworksBuildPhase section */
		70E3DAF41A40FBF4009B1ED0 /* Frameworks */ = {
			isa = PBXFrameworksBuildPhase;
			buildActionMask = 2147483647;
			files = (
				70E3DB401A40FD4E009B1ED0 /* libsqlite3.dylib in Frameworks */,
				70E3DB3C1A40FCD0009B1ED0 /* AudioToolbox.framework in Frameworks */,
				70E3DB3A1A40FCC9009B1ED0 /* CFNetwork.framework in Frameworks */,
				70E3DB381A40FCC2009B1ED0 /* CoreGraphics.framework in Frameworks */,
				70E3DB361A40FCBA009B1ED0 /* CoreLocation.framework in Frameworks */,
				70E3DB341A40FCB4009B1ED0 /* libz.dylib in Frameworks */,
				70E3DB321A40FCA9009B1ED0 /* MobileCoreServices.framework in Frameworks */,
				70E3DB301A40FC9F009B1ED0 /* QuartzCore.framework in Frameworks */,
				70E3DB2E1A40FC99009B1ED0 /* Security.framework in Frameworks */,
				70E3DB2C1A40FC90009B1ED0 /* StoreKit.framework in Frameworks */,
				70E3DB2A1A40FC8A009B1ED0 /* SystemConfiguration.framework in Frameworks */,
				70E3DB271A40FC75009B1ED0 /* Parse.framework in Frameworks */,
				70E3DB261A40FC75009B1ED0 /* Bolts.framework in Frameworks */,
				70E3DB281A40FC75009B1ED0 /* ParseFacebookUtils.framework in Frameworks */,
				70E3DB3E1A40FCE0009B1ED0 /* FacebookSDK.framework in Frameworks */,
			);
			runOnlyForDeploymentPostprocessing = 0;
		};
		70E3DB101A40FBF4009B1ED0 /* Frameworks */ = {
			isa = PBXFrameworksBuildPhase;
			buildActionMask = 2147483647;
			files = (
			);
			runOnlyForDeploymentPostprocessing = 0;
		};
/* End PBXFrameworksBuildPhase section */

/* Begin PBXGroup section */
		70E3DAEE1A40FBF4009B1ED0 = {
			isa = PBXGroup;
			children = (
				70E3DB4B1A421CD2009B1ED0 /* Framework */,
				70E3DAF91A40FBF4009B1ED0 /* catDog */,
				70E3DB161A40FBF4009B1ED0 /* catDogTests */,
				70E3DAF81A40FBF4009B1ED0 /* Products */,
			);
			sourceTree = "<group>";
		};
		70E3DAF81A40FBF4009B1ED0 /* Products */ = {
			isa = PBXGroup;
			children = (
				70E3DAF71A40FBF4009B1ED0 /* catDog.app */,
				70E3DB131A40FBF4009B1ED0 /* catDogTests.xctest */,
			);
			name = Products;
			sourceTree = "<group>";
		};
		70E3DAF91A40FBF4009B1ED0 /* catDog */ = {
			isa = PBXGroup;
			children = (
				70E3DB4C1A42217E009B1ED0 /* Constants.h */,
				70E3DB4D1A42217E009B1ED0 /* Constants.m */,
				70E3DB471A421C8A009B1ED0 /* Models */,
				70E3DB4A1A421CA7009B1ED0 /* View Controllers */,
				70E3DB491A421C9D009B1ED0 /* Controllers */,
				70E3DB481A421C92009B1ED0 /* Views */,
				70E3DB0A1A40FBF4009B1ED0 /* Images.xcassets */,
				70E3DB011A40FBF4009B1ED0 /* catDog.xcdatamodeld */,
				70E3DAFA1A40FBF4009B1ED0 /* Supporting Files */,
			);
			path = catDog;
			sourceTree = "<group>";
		};
		70E3DAFA1A40FBF4009B1ED0 /* Supporting Files */ = {
			isa = PBXGroup;
			children = (
				70E3DAFB1A40FBF4009B1ED0 /* Info.plist */,
				70E3DAFC1A40FBF4009B1ED0 /* main.m */,
			);
			name = "Supporting Files";
			sourceTree = "<group>";
		};
		70E3DB161A40FBF4009B1ED0 /* catDogTests */ = {
			isa = PBXGroup;
			children = (
				70E3DB191A40FBF4009B1ED0 /* catDogTests.m */,
				70E3DB171A40FBF4009B1ED0 /* Supporting Files */,
			);
			path = catDogTests;
			sourceTree = "<group>";
		};
		70E3DB171A40FBF4009B1ED0 /* Supporting Files */ = {
			isa = PBXGroup;
			children = (
				70E3DB181A40FBF4009B1ED0 /* Info.plist */,
			);
			name = "Supporting Files";
			sourceTree = "<group>";
		};
		70E3DB471A421C8A009B1ED0 /* Models */ = {
			isa = PBXGroup;
			children = (
			);
			name = Models;
			sourceTree = "<group>";
		};
		70E3DB481A421C92009B1ED0 /* Views */ = {
			isa = PBXGroup;
			children = (
				70E3DB071A40FBF4009B1ED0 /* Main.storyboard */,
				70E3DB0C1A40FBF4009B1ED0 /* LaunchScreen.xib */,
			);
			name = Views;
			sourceTree = "<group>";
		};
		70E3DB491A421C9D009B1ED0 /* Controllers */ = {
			isa = PBXGroup;
			children = (
			);
			name = Controllers;
			sourceTree = "<group>";
		};
		70E3DB4A1A421CA7009B1ED0 /* View Controllers */ = {
			isa = PBXGroup;
			children = (
				70E3DAFE1A40FBF4009B1ED0 /* AppDelegate.h */,
				70E3DAFF1A40FBF4009B1ED0 /* AppDelegate.m */,
				70E3DB411A4114CE009B1ED0 /* LogInViewController.h */,
				70E3DB421A4114CE009B1ED0 /* LogInViewController.m */,
				70E3DB441A421C81009B1ED0 /* HomeViewController.h */,
				70E3DB451A421C81009B1ED0 /* HomeViewController.m */,
			);
			name = "View Controllers";
			sourceTree = "<group>";
		};
		70E3DB4B1A421CD2009B1ED0 /* Framework */ = {
			isa = PBXGroup;
			children = (
				70E3DB3F1A40FD4E009B1ED0 /* libsqlite3.dylib */,
				70E3DB3D1A40FCE0009B1ED0 /* FacebookSDK.framework */,
				70E3DB3B1A40FCD0009B1ED0 /* AudioToolbox.framework */,
				70E3DB391A40FCC9009B1ED0 /* CFNetwork.framework */,
				70E3DB371A40FCC2009B1ED0 /* CoreGraphics.framework */,
				70E3DB351A40FCBA009B1ED0 /* CoreLocation.framework */,
				70E3DB331A40FCB4009B1ED0 /* libz.dylib */,
				70E3DB311A40FCA9009B1ED0 /* MobileCoreServices.framework */,
				70E3DB2F1A40FC9F009B1ED0 /* QuartzCore.framework */,
				70E3DB2D1A40FC99009B1ED0 /* Security.framework */,
				70E3DB2B1A40FC90009B1ED0 /* StoreKit.framework */,
				70E3DB291A40FC8A009B1ED0 /* SystemConfiguration.framework */,
				70E3DB231A40FC75009B1ED0 /* Bolts.framework */,
				70E3DB241A40FC75009B1ED0 /* Parse.framework */,
				70E3DB251A40FC75009B1ED0 /* ParseFacebookUtils.framework */,
			);
			name = Framework;
			sourceTree = "<group>";
		};
/* End PBXGroup section */

/* Begin PBXNativeTarget section */
		70E3DAF61A40FBF4009B1ED0 /* catDog */ = {
			isa = PBXNativeTarget;
			buildConfigurationList = 70E3DB1D1A40FBF4009B1ED0 /* Build configuration list for PBXNativeTarget "catDog" */;
			buildPhases = (
				70E3DAF31A40FBF4009B1ED0 /* Sources */,
				70E3DAF41A40FBF4009B1ED0 /* Frameworks */,
				70E3DAF51A40FBF4009B1ED0 /* Resources */,
			);
			buildRules = (
			);
			dependencies = (
			);
			name = catDog;
			productName = catDog;
			productReference = 70E3DAF71A40FBF4009B1ED0 /* catDog.app */;
			productType = "com.apple.product-type.application";
		};
		70E3DB121A40FBF4009B1ED0 /* catDogTests */ = {
			isa = PBXNativeTarget;
			buildConfigurationList = 70E3DB201A40FBF4009B1ED0 /* Build configuration list for PBXNativeTarget "catDogTests" */;
			buildPhases = (
				70E3DB0F1A40FBF4009B1ED0 /* Sources */,
				70E3DB101A40FBF4009B1ED0 /* Frameworks */,
				70E3DB111A40FBF4009B1ED0 /* Resources */,
			);
			buildRules = (
			);
			dependencies = (
				70E3DB151A40FBF4009B1ED0 /* PBXTargetDependency */,
			);
			name = catDogTests;
			productName = catDogTests;
			productReference = 70E3DB131A40FBF4009B1ED0 /* catDogTests.xctest */;
			productType = "com.apple.product-type.bundle.unit-test";
		};
/* End PBXNativeTarget section */

/* Begin PBXProject section */
		70E3DAEF1A40FBF4009B1ED0 /* Project object */ = {
			isa = PBXProject;
			attributes = {
				LastUpgradeCheck = 0610;
				ORGANIZATIONNAME = "Randall Leung";
				TargetAttributes = {
					70E3DAF61A40FBF4009B1ED0 = {
						CreatedOnToolsVersion = 6.1.1;
					};
					70E3DB121A40FBF4009B1ED0 = {
						CreatedOnToolsVersion = 6.1.1;
						TestTargetID = 70E3DAF61A40FBF4009B1ED0;
					};
				};
			};
			buildConfigurationList = 70E3DAF21A40FBF4009B1ED0 /* Build configuration list for PBXProject "catDog" */;
			compatibilityVersion = "Xcode 3.2";
			developmentRegion = English;
			hasScannedForEncodings = 0;
			knownRegions = (
				en,
				Base,
			);
			mainGroup = 70E3DAEE1A40FBF4009B1ED0;
			productRefGroup = 70E3DAF81A40FBF4009B1ED0 /* Products */;
			projectDirPath = "";
			projectRoot = "";
			targets = (
				70E3DAF61A40FBF4009B1ED0 /* catDog */,
				70E3DB121A40FBF4009B1ED0 /* catDogTests */,
			);
		};
/* End PBXProject section */

/* Begin PBXResourcesBuildPhase section */
		70E3DAF51A40FBF4009B1ED0 /* Resources */ = {
			isa = PBXResourcesBuildPhase;
			buildActionMask = 2147483647;
			files = (
				70E3DB091A40FBF4009B1ED0 /* Main.storyboard in Resources */,
				70E3DB0E1A40FBF4009B1ED0 /* LaunchScreen.xib in Resources */,
				70E3DB0B1A40FBF4009B1ED0 /* Images.xcassets in Resources */,
			);
			runOnlyForDeploymentPostprocessing = 0;
		};
		70E3DB111A40FBF4009B1ED0 /* Resources */ = {
			isa = PBXResourcesBuildPhase;
			buildActionMask = 2147483647;
			files = (
			);
			runOnlyForDeploymentPostprocessing = 0;
		};
/* End PBXResourcesBuildPhase section */

/* Begin PBXSourcesBuildPhase section */
		70E3DAF31A40FBF4009B1ED0 /* Sources */ = {
			isa = PBXSourcesBuildPhase;
			buildActionMask = 2147483647;
			files = (
				70E3DB431A4114CE009B1ED0 /* LogInViewController.m in Sources */,
				70E3DB001A40FBF4009B1ED0 /* AppDelegate.m in Sources */,
				70E3DB031A40FBF4009B1ED0 /* catDog.xcdatamodeld in Sources */,
				70E3DB461A421C81009B1ED0 /* HomeViewController.m in Sources */,
				70E3DAFD1A40FBF4009B1ED0 /* main.m in Sources */,
				70E3DB4E1A42217E009B1ED0 /* Constants.m in Sources */,
			);
			runOnlyForDeploymentPostprocessing = 0;
		};
		70E3DB0F1A40FBF4009B1ED0 /* Sources */ = {
			isa = PBXSourcesBuildPhase;
			buildActionMask = 2147483647;
			files = (
				70E3DB1A1A40FBF4009B1ED0 /* catDogTests.m in Sources */,
			);
			runOnlyForDeploymentPostprocessing = 0;
		};
/* End PBXSourcesBuildPhase section */

/* Begin PBXTargetDependency section */
		70E3DB151A40FBF4009B1ED0 /* PBXTargetDependency */ = {
			isa = PBXTargetDependency;
			target = 70E3DAF61A40FBF4009B1ED0 /* catDog */;
			targetProxy = 70E3DB141A40FBF4009B1ED0 /* PBXContainerItemProxy */;
		};
/* End PBXTargetDependency section */

/* Begin PBXVariantGroup section */
		70E3DB071A40FBF4009B1ED0 /* Main.storyboard */ = {
			isa = PBXVariantGroup;
			children = (
				70E3DB081A40FBF4009B1ED0 /* Base */,
			);
			name = Main.storyboard;
			sourceTree = "<group>";
		};
		70E3DB0C1A40FBF4009B1ED0 /* LaunchScreen.xib */ = {
			isa = PBXVariantGroup;
			children = (
				70E3DB0D1A40FBF4009B1ED0 /* Base */,
			);
			name = LaunchScreen.xib;
			sourceTree = "<group>";
		};
/* End PBXVariantGroup section */

/* Begin XCBuildConfiguration section */
		70E3DB1B1A40FBF4009B1ED0 /* Debug */ = {
			isa = XCBuildConfiguration;
			buildSettings = {
				ALWAYS_SEARCH_USER_PATHS = NO;
				CLANG_CXX_LANGUAGE_STANDARD = "gnu++0x";
				CLANG_CXX_LIBRARY = "libc++";
				CLANG_ENABLE_MODULES = YES;
				CLANG_ENABLE_OBJC_ARC = YES;
				CLANG_WARN_BOOL_CONVERSION = YES;
				CLANG_WARN_CONSTANT_CONVERSION = YES;
				CLANG_WARN_DIRECT_OBJC_ISA_USAGE = YES_ERROR;
				CLANG_WARN_EMPTY_BODY = YES;
				CLANG_WARN_ENUM_CONVERSION = YES;
				CLANG_WARN_INT_CONVERSION = YES;
				CLANG_WARN_OBJC_ROOT_CLASS = YES_ERROR;
				CLANG_WARN_UNREACHABLE_CODE = YES;
				CLANG_WARN__DUPLICATE_METHOD_MATCH = YES;
				"CODE_SIGN_IDENTITY[sdk=iphoneos*]" = "iPhone Developer";
				COPY_PHASE_STRIP = NO;
				ENABLE_STRICT_OBJC_MSGSEND = YES;
				GCC_C_LANGUAGE_STANDARD = gnu99;
				GCC_DYNAMIC_NO_PIC = NO;
				GCC_OPTIMIZATION_LEVEL = 0;
				GCC_PREPROCESSOR_DEFINITIONS = (
					"DEBUG=1",
					"$(inherited)",
				);
				GCC_SYMBOLS_PRIVATE_EXTERN = NO;
				GCC_WARN_64_TO_32_BIT_CONVERSION = YES;
				GCC_WARN_ABOUT_RETURN_TYPE = YES_ERROR;
				GCC_WARN_UNDECLARED_SELECTOR = YES;
				GCC_WARN_UNINITIALIZED_AUTOS = YES_AGGRESSIVE;
				GCC_WARN_UNUSED_FUNCTION = YES;
				GCC_WARN_UNUSED_VARIABLE = YES;
				IPHONEOS_DEPLOYMENT_TARGET = 8.1;
				MTL_ENABLE_DEBUG_INFO = YES;
				ONLY_ACTIVE_ARCH = YES;
				SDKROOT = iphoneos;
				TARGETED_DEVICE_FAMILY = "1,2";
			};
			name = Debug;
		};
		70E3DB1C1A40FBF4009B1ED0 /* Release */ = {
			isa = XCBuildConfiguration;
			buildSettings = {
				ALWAYS_SEARCH_USER_PATHS = NO;
				CLANG_CXX_LANGUAGE_STANDARD = "gnu++0x";
				CLANG_CXX_LIBRARY = "libc++";
				CLANG_ENABLE_MODULES = YES;
				CLANG_ENABLE_OBJC_ARC = YES;
				CLANG_WARN_BOOL_CONVERSION = YES;
				CLANG_WARN_CONSTANT_CONVERSION = YES;
				CLANG_WARN_DIRECT_OBJC_ISA_USAGE = YES_ERROR;
				CLANG_WARN_EMPTY_BODY = YES;
				CLANG_WARN_ENUM_CONVERSION = YES;
				CLANG_WARN_INT_CONVERSION = YES;
				CLANG_WARN_OBJC_ROOT_CLASS = YES_ERROR;
				CLANG_WARN_UNREACHABLE_CODE = YES;
				CLANG_WARN__DUPLICATE_METHOD_MATCH = YES;
				"CODE_SIGN_IDENTITY[sdk=iphoneos*]" = "iPhone Developer";
				COPY_PHASE_STRIP = YES;
				ENABLE_NS_ASSERTIONS = NO;
				ENABLE_STRICT_OBJC_MSGSEND = YES;
				GCC_C_LANGUAGE_STANDARD = gnu99;
				GCC_WARN_64_TO_32_BIT_CONVERSION = YES;
				GCC_WARN_ABOUT_RETURN_TYPE = YES_ERROR;
				GCC_WARN_UNDECLARED_SELECTOR = YES;
				GCC_WARN_UNINITIALIZED_AUTOS = YES_AGGRESSIVE;
				GCC_WARN_UNUSED_FUNCTION = YES;
				GCC_WARN_UNUSED_VARIABLE = YES;
				IPHONEOS_DEPLOYMENT_TARGET = 8.1;
				MTL_ENABLE_DEBUG_INFO = NO;
				SDKROOT = iphoneos;
				TARGETED_DEVICE_FAMILY = "1,2";
				VALIDATE_PRODUCT = YES;
			};
			name = Release;
		};
		70E3DB1E1A40FBF4009B1ED0 /* Debug */ = {
			isa = XCBuildConfiguration;
			buildSettings = {
				ASSETCATALOG_COMPILER_APPICON_NAME = AppIcon;
				FRAMEWORK_SEARCH_PATHS = (
					"$(inherited)",
					"$(PROJECT_DIR)",
				);
				INFOPLIST_FILE = catDog/Info.plist;
				LD_RUNPATH_SEARCH_PATHS = "$(inherited) @executable_path/Frameworks";
				PRODUCT_NAME = "$(TARGET_NAME)";
			};
			name = Debug;
		};
		70E3DB1F1A40FBF4009B1ED0 /* Release */ = {
			isa = XCBuildConfiguration;
			buildSettings = {
				ASSETCATALOG_COMPILER_APPICON_NAME = AppIcon;
				FRAMEWORK_SEARCH_PATHS = (
					"$(inherited)",
					"$(PROJECT_DIR)",
				);
				INFOPLIST_FILE = catDog/Info.plist;
				LD_RUNPATH_SEARCH_PATHS = "$(inherited) @executable_path/Frameworks";
				PRODUCT_NAME = "$(TARGET_NAME)";
			};
			name = Release;
		};
		70E3DB211A40FBF4009B1ED0 /* Debug */ = {
			isa = XCBuildConfiguration;
			buildSettings = {
				BUNDLE_LOADER = "$(TEST_HOST)";
				FRAMEWORK_SEARCH_PATHS = (
					"$(SDKROOT)/Developer/Library/Frameworks",
					"$(inherited)",
				);
				GCC_PREPROCESSOR_DEFINITIONS = (
					"DEBUG=1",
					"$(inherited)",
				);
				INFOPLIST_FILE = catDogTests/Info.plist;
				LD_RUNPATH_SEARCH_PATHS = "$(inherited) @executable_path/Frameworks @loader_path/Frameworks";
				PRODUCT_NAME = "$(TARGET_NAME)";
				TEST_HOST = "$(BUILT_PRODUCTS_DIR)/catDog.app/catDog";
			};
			name = Debug;
		};
		70E3DB221A40FBF4009B1ED0 /* Release */ = {
			isa = XCBuildConfiguration;
			buildSettings = {
				BUNDLE_LOADER = "$(TEST_HOST)";
				FRAMEWORK_SEARCH_PATHS = (
					"$(SDKROOT)/Developer/Library/Frameworks",
					"$(inherited)",
				);
				INFOPLIST_FILE = catDogTests/Info.plist;
				LD_RUNPATH_SEARCH_PATHS = "$(inherited) @executable_path/Frameworks @loader_path/Frameworks";
				PRODUCT_NAME = "$(TARGET_NAME)";
				TEST_HOST = "$(BUILT_PRODUCTS_DIR)/catDog.app/catDog";
			};
			name = Release;
		};
/* End XCBuildConfiguration section */

/* Begin XCConfigurationList section */
		70E3DAF21A40FBF4009B1ED0 /* Build configuration list for PBXProject "catDog" */ = {
			isa = XCConfigurationList;
			buildConfigurations = (
				70E3DB1B1A40FBF4009B1ED0 /* Debug */,
				70E3DB1C1A40FBF4009B1ED0 /* Release */,
			);
			defaultConfigurationIsVisible = 0;
			defaultConfigurationName = Release;
		};
		70E3DB1D1A40FBF4009B1ED0 /* Build configuration list for PBXNativeTarget "catDog" */ = {
			isa = XCConfigurationList;
			buildConfigurations = (
				70E3DB1E1A40FBF4009B1ED0 /* Debug */,
				70E3DB1F1A40FBF4009B1ED0 /* Release */,
			);
			defaultConfigurationIsVisible = 0;
		};
		70E3DB201A40FBF4009B1ED0 /* Build configuration list for PBXNativeTarget "catDogTests" */ = {
			isa = XCConfigurationList;
			buildConfigurations = (
				70E3DB211A40FBF4009B1ED0 /* Debug */,
				70E3DB221A40FBF4009B1ED0 /* Release */,
			);
			defaultConfigurationIsVisible = 0;
		};
/* End XCConfigurationList section */

/* Begin XCVersionGroup section */
		70E3DB011A40FBF4009B1ED0 /* catDog.xcdatamodeld */ = {
			isa = XCVersionGroup;
			children = (
				70E3DB021A40FBF4009B1ED0 /* catDog.xcdatamodel */,
			);
			currentVersion = 70E3DB021A40FBF4009B1ED0 /* catDog.xcdatamodel */;
			path = catDog.xcdatamodeld;
			sourceTree = "<group>";
			versionGroupType = wrapper.xcdatamodel;
		};
/* End XCVersionGroup section */
	};
	rootObject = 70E3DAEF1A40FBF4009B1ED0 /* Project object */;
}
